PODS:
  - Flutter (1.0.0)
  - flutter_tts (0.0.1):
    - Flutter

DEPENDENCIES:
  - Flutter (from `.symlinks/flutter/ios`)
  - flutter_tts (from `.symlinks/plugins/flutter_tts/ios`)

EXTERNAL SOURCES:
  Flutter:
    :path: ".symlinks/flutter/ios"
  flutter_tts:
    :path: ".symlinks/plugins/flutter_tts/ios"

SPEC CHECKSUMS:
  Flutter: 0e3d915762c693b495b44d77113d4970485de6ec
  flutter_tts: 3a30a40cccd03cfdbff9a861c077aca2cdc1cb16

PODFILE CHECKSUM: b6a0a141693093b304368d08511b46cf3d1d0ac5

COCOAPODS: 1.8.4
